{
  "version": 4,
  "terraform_version": "0.13.4",
  "serial": 324,
  "lineage": "bf21bdb9-4bbe-379b-de1e-4438aeae1f9c",
  "outputs": {},
  "resources": [
    {
      "module": "module.hashistack_cluster",
      "mode": "managed",
      "type": "azurerm_network_interface",
      "name": "server_ni",
      "provider": "provider[\"registry.terraform.io/hashicorp/azurerm\"]",
      "instances": [
        {
          "index_key": 0,
          "schema_version": 0,
          "attributes": {
            "applied_dns_servers": [],
            "dns_servers": [],
            "enable_accelerated_networking": false,
            "enable_ip_forwarding": false,
            "id": "/subscriptions/9f9b362c-0ced-42f9-8327-987494fd7c26/resourceGroups/lvstack-in-elephant/providers/Microsoft.Network/networkInterfaces/server-1-ni",
            "internal_dns_name_label": "",
            "internal_domain_name_suffix": "",
            "ip_configuration": [
              {
                "name": "server-ipc",
                "primary": true,
                "private_ip_address": "10.0.2.6",
                "private_ip_address_allocation": "Dynamic",
                "private_ip_address_version": "IPv4",
                "public_ip_address_id": "/subscriptions/9f9b362c-0ced-42f9-8327-987494fd7c26/resourceGroups/lvstack-in-elephant/providers/Microsoft.Network/publicIPAddresses/server-1-ip",
                "subnet_id": "/subscriptions/9f9b362c-0ced-42f9-8327-987494fd7c26/resourceGroups/lvstack-in-elephant/providers/Microsoft.Network/virtualNetworks/virtual-network/subnets/subnet"
              }
            ],
            "location": "eastus",
            "mac_address": "00-0D-3A-99-A3-63",
            "name": "server-1-ni",
            "private_ip_address": "10.0.2.6",
            "private_ip_addresses": [
              "10.0.2.6"
            ],
            "resource_group_name": "lvstack-in-elephant",
            "tags": {
              "ConsulAutoJoin": "auto-join"
            },
            "timeouts": null,
            "virtual_machine_id": ""
          },
          "private": "eyJlMmJmYjczMC1lY2FhLTExZTYtOGY4OC0zNDM2M2JjN2M0YzAiOnsiY3JlYXRlIjoxODAwMDAwMDAwMDAwLCJkZWxldGUiOjE4MDAwMDAwMDAwMDAsInJlYWQiOjMwMDAwMDAwMDAwMCwidXBkYXRlIjoxODAwMDAwMDAwMDAwfX0=",
          "dependencies": [
            "module.hashistack_cluster.azurerm_public_ip.server_public_ip",
            "module.hashistack_cluster.azurerm_resource_group.hashistack",
            "module.hashistack_cluster.azurerm_subnet.primary",
            "module.hashistack_cluster.azurerm_virtual_network.primary",
            "module.hashistack_cluster.random_pet.server"
          ]
        },
        {
          "index_key": 1,
          "schema_version": 0,
          "attributes": {
            "applied_dns_servers": [],
            "dns_servers": [],
            "enable_accelerated_networking": false,
            "enable_ip_forwarding": false,
            "id": "/subscriptions/9f9b362c-0ced-42f9-8327-987494fd7c26/resourceGroups/lvstack-in-elephant/providers/Microsoft.Network/networkInterfaces/server-2-ni",
            "internal_dns_name_label": "",
            "internal_domain_name_suffix": "5ruskllu1e2uzijykn4pjgccyb.bx.internal.cloudapp.net",
            "ip_configuration": [
              {
                "name": "server-ipc",
                "primary": true,
                "private_ip_address": "10.0.2.4",
                "private_ip_address_allocation": "Dynamic",
                "private_ip_address_version": "IPv4",
                "public_ip_address_id": "/subscriptions/9f9b362c-0ced-42f9-8327-987494fd7c26/resourceGroups/lvstack-in-elephant/providers/Microsoft.Network/publicIPAddresses/server-2-ip",
                "subnet_id": "/subscriptions/9f9b362c-0ced-42f9-8327-987494fd7c26/resourceGroups/lvstack-in-elephant/providers/Microsoft.Network/virtualNetworks/virtual-network/subnets/subnet"
              }
            ],
            "location": "eastus",
            "mac_address": "00-0D-3A-99-A8-84",
            "name": "server-2-ni",
            "private_ip_address": "10.0.2.4",
            "private_ip_addresses": [
              "10.0.2.4"
            ],
            "resource_group_name": "lvstack-in-elephant",
            "tags": {
              "ConsulAutoJoin": "auto-join"
            },
            "timeouts": null,
            "virtual_machine_id": "/subscriptions/9f9b362c-0ced-42f9-8327-987494fd7c26/resourceGroups/lvstack-in-elephant/providers/Microsoft.Compute/virtualMachines/server-2"
          },
          "private": "eyJlMmJmYjczMC1lY2FhLTExZTYtOGY4OC0zNDM2M2JjN2M0YzAiOnsiY3JlYXRlIjoxODAwMDAwMDAwMDAwLCJkZWxldGUiOjE4MDAwMDAwMDAwMDAsInJlYWQiOjMwMDAwMDAwMDAwMCwidXBkYXRlIjoxODAwMDAwMDAwMDAwfX0=",
          "dependencies": [
            "module.hashistack_cluster.azurerm_public_ip.server_public_ip",
            "module.hashistack_cluster.azurerm_resource_group.hashistack",
            "module.hashistack_cluster.azurerm_subnet.primary",
            "module.hashistack_cluster.azurerm_virtual_network.primary",
            "module.hashistack_cluster.random_pet.server"
          ]
        },
        {
          "index_key": 2,
          "schema_version": 0,
          "attributes": {
            "applied_dns_servers": [],
            "dns_servers": [],
            "enable_accelerated_networking": false,
            "enable_ip_forwarding": false,
            "id": "/subscriptions/9f9b362c-0ced-42f9-8327-987494fd7c26/resourceGroups/lvstack-in-elephant/providers/Microsoft.Network/networkInterfaces/server-3-ni",
            "internal_dns_name_label": "",
            "internal_domain_name_suffix": "",
            "ip_configuration": [
              {
                "name": "server-ipc",
                "primary": true,
                "private_ip_address": "10.0.2.5",
                "private_ip_address_allocation": "Dynamic",
                "private_ip_address_version": "IPv4",
                "public_ip_address_id": "/subscriptions/9f9b362c-0ced-42f9-8327-987494fd7c26/resourceGroups/lvstack-in-elephant/providers/Microsoft.Network/publicIPAddresses/server-3-ip",
                "subnet_id": "/subscriptions/9f9b362c-0ced-42f9-8327-987494fd7c26/resourceGroups/lvstack-in-elephant/providers/Microsoft.Network/virtualNetworks/virtual-network/subnets/subnet"
              }
            ],
            "location": "eastus",
            "mac_address": "00-0D-3A-99-A3-5C",
            "name": "server-3-ni",
            "private_ip_address": "10.0.2.5",
            "private_ip_addresses": [
              "10.0.2.5"
            ],
            "resource_group_name": "lvstack-in-elephant",
            "tags": {
              "ConsulAutoJoin": "auto-join"
            },
            "timeouts": null,
            "virtual_machine_id": ""
          },
          "private": "eyJlMmJmYjczMC1lY2FhLTExZTYtOGY4OC0zNDM2M2JjN2M0YzAiOnsiY3JlYXRlIjoxODAwMDAwMDAwMDAwLCJkZWxldGUiOjE4MDAwMDAwMDAwMDAsInJlYWQiOjMwMDAwMDAwMDAwMCwidXBkYXRlIjoxODAwMDAwMDAwMDAwfX0=",
          "dependencies": [
            "module.hashistack_cluster.azurerm_public_ip.server_public_ip",
            "module.hashistack_cluster.azurerm_resource_group.hashistack",
            "module.hashistack_cluster.azurerm_subnet.primary",
            "module.hashistack_cluster.azurerm_virtual_network.primary",
            "module.hashistack_cluster.random_pet.server"
          ]
        }
      ]
    },
    {
      "module": "module.hashistack_cluster",
      "mode": "managed",
      "type": "azurerm_network_interface_security_group_association",
      "name": "server_ni_sg",
      "provider": "provider[\"registry.terraform.io/hashicorp/azurerm\"]",
      "instances": [
        {
          "index_key": 0,
          "schema_version": 0,
          "attributes": {
            "id": "/subscriptions/9f9b362c-0ced-42f9-8327-987494fd7c26/resourceGroups/lvstack-in-elephant/providers/Microsoft.Network/networkInterfaces/server-1-ni|/subscriptions/9f9b362c-0ced-42f9-8327-987494fd7c26/resourceGroups/lvstack-in-elephant/providers/Microsoft.Network/networkSecurityGroups/nomad-servers-sg",
            "network_interface_id": "/subscriptions/9f9b362c-0ced-42f9-8327-987494fd7c26/resourceGroups/lvstack-in-elephant/providers/Microsoft.Network/networkInterfaces/server-1-ni",
            "network_security_group_id": "/subscriptions/9f9b362c-0ced-42f9-8327-987494fd7c26/resourceGroups/lvstack-in-elephant/providers/Microsoft.Network/networkSecurityGroups/nomad-servers-sg",
            "timeouts": null
          }
        },
        {
          "index_key": 1,
          "schema_version": 0,
          "attributes": {
            "id": "/subscriptions/9f9b362c-0ced-42f9-8327-987494fd7c26/resourceGroups/lvstack-in-elephant/providers/Microsoft.Network/networkInterfaces/server-2-ni|/subscriptions/9f9b362c-0ced-42f9-8327-987494fd7c26/resourceGroups/lvstack-in-elephant/providers/Microsoft.Network/networkSecurityGroups/nomad-servers-sg",
            "network_interface_id": "/subscriptions/9f9b362c-0ced-42f9-8327-987494fd7c26/resourceGroups/lvstack-in-elephant/providers/Microsoft.Network/networkInterfaces/server-2-ni",
            "network_security_group_id": "/subscriptions/9f9b362c-0ced-42f9-8327-987494fd7c26/resourceGroups/lvstack-in-elephant/providers/Microsoft.Network/networkSecurityGroups/nomad-servers-sg",
            "timeouts": null
          }
        }
      ]
    },
    {
      "module": "module.hashistack_cluster",
      "mode": "managed",
      "type": "azurerm_network_security_group",
      "name": "nomad_servers",
      "provider": "provider[\"registry.terraform.io/hashicorp/azurerm\"]",
      "instances": [
        {
          "schema_version": 0,
          "attributes": {
            "id": "/subscriptions/9f9b362c-0ced-42f9-8327-987494fd7c26/resourceGroups/lvstack-in-elephant/providers/Microsoft.Network/networkSecurityGroups/nomad-servers-sg",
            "location": "eastus",
            "name": "nomad-servers-sg",
            "resource_group_name": "lvstack-in-elephant",
            "security_rule": [
              {
                "access": "Allow",
                "description": "",
                "destination_address_prefix": "*",
                "destination_address_prefixes": [],
                "destination_application_security_group_ids": [],
                "destination_port_range": "22",
                "destination_port_ranges": [],
                "direction": "Inbound",
                "name": "primary-sgr-22",
                "priority": 100,
                "protocol": "Tcp",
                "source_address_prefix": "",
                "source_address_prefixes": [
                  "72.197.144.63/32"
                ],
                "source_application_security_group_ids": [],
                "source_port_range": "*",
                "source_port_ranges": []
              },
              {
                "access": "Allow",
                "description": "",
                "destination_address_prefix": "*",
                "destination_address_prefixes": [],
                "destination_application_security_group_ids": [],
                "destination_port_range": "4646",
                "destination_port_ranges": [],
                "direction": "Inbound",
                "name": "primary-sgr-4646",
                "priority": 101,
                "protocol": "Tcp",
                "source_address_prefix": "",
                "source_address_prefixes": [
                  "72.197.144.63/32"
                ],
                "source_application_security_group_ids": [],
                "source_port_range": "*",
                "source_port_ranges": []
              },
              {
                "access": "Allow",
                "description": "",
                "destination_address_prefix": "*",
                "destination_address_prefixes": [],
                "destination_application_security_group_ids": [],
                "destination_port_range": "8500",
                "destination_port_ranges": [],
                "direction": "Inbound",
                "name": "primary-sgr-8500",
                "priority": 102,
                "protocol": "Tcp",
                "source_address_prefix": "",
                "source_address_prefixes": [
                  "72.197.144.63/32"
                ],
                "source_application_security_group_ids": [],
                "source_port_range": "*",
                "source_port_ranges": []
              }
            ],
            "tags": {},
            "timeouts": null
          },
          "private": "eyJlMmJmYjczMC1lY2FhLTExZTYtOGY4OC0zNDM2M2JjN2M0YzAiOnsiY3JlYXRlIjoxODAwMDAwMDAwMDAwLCJkZWxldGUiOjE4MDAwMDAwMDAwMDAsInJlYWQiOjMwMDAwMDAwMDAwMCwidXBkYXRlIjoxODAwMDAwMDAwMDAwfX0=",
          "dependencies": [
            "module.hashistack_cluster.azurerm_resource_group.hashistack",
            "module.hashistack_cluster.random_pet.server",
            "module.my_ip_address.null_resource.contents",
            "module.my_ip_address.null_resource.contents_if_missing",
            "module.my_ip_address.null_resource.shell",
            "module.my_ip_address.random_uuid.uuid"
          ]
        }
      ]
    },
    {
      "module": "module.hashistack_cluster",
      "mode": "managed",
      "type": "azurerm_public_ip",
      "name": "server_public_ip",
      "provider": "provider[\"registry.terraform.io/hashicorp/azurerm\"]",
      "instances": [
        {
          "index_key": 0,
          "schema_version": 0,
          "attributes": {
            "allocation_method": "Static",
            "domain_name_label": null,
            "fqdn": null,
            "id": "/subscriptions/9f9b362c-0ced-42f9-8327-987494fd7c26/resourceGroups/lvstack-in-elephant/providers/Microsoft.Network/publicIPAddresses/server-1-ip",
            "idle_timeout_in_minutes": 4,
            "ip_address": "52.170.214.34",
            "ip_version": "IPv4",
            "location": "eastus",
            "name": "server-1-ip",
            "public_ip_prefix_id": null,
            "resource_group_name": "lvstack-in-elephant",
            "reverse_fqdn": null,
            "sku": "Basic",
            "tags": {},
            "timeouts": null,
            "zones": []
          },
          "private": "eyJlMmJmYjczMC1lY2FhLTExZTYtOGY4OC0zNDM2M2JjN2M0YzAiOnsiY3JlYXRlIjoxODAwMDAwMDAwMDAwLCJkZWxldGUiOjE4MDAwMDAwMDAwMDAsInJlYWQiOjMwMDAwMDAwMDAwMCwidXBkYXRlIjoxODAwMDAwMDAwMDAwfX0=",
          "dependencies": [
            "module.hashistack_cluster.azurerm_resource_group.hashistack",
            "module.hashistack_cluster.random_pet.server"
          ]
        },
        {
          "index_key": 1,
          "schema_version": 0,
          "attributes": {
            "allocation_method": "Static",
            "domain_name_label": null,
            "fqdn": null,
            "id": "/subscriptions/9f9b362c-0ced-42f9-8327-987494fd7c26/resourceGroups/lvstack-in-elephant/providers/Microsoft.Network/publicIPAddresses/server-2-ip",
            "idle_timeout_in_minutes": 4,
            "ip_address": "52.170.209.12",
            "ip_version": "IPv4",
            "location": "eastus",
            "name": "server-2-ip",
            "public_ip_prefix_id": null,
            "resource_group_name": "lvstack-in-elephant",
            "reverse_fqdn": null,
            "sku": "Basic",
            "tags": {},
            "timeouts": null,
            "zones": []
          },
          "private": "eyJlMmJmYjczMC1lY2FhLTExZTYtOGY4OC0zNDM2M2JjN2M0YzAiOnsiY3JlYXRlIjoxODAwMDAwMDAwMDAwLCJkZWxldGUiOjE4MDAwMDAwMDAwMDAsInJlYWQiOjMwMDAwMDAwMDAwMCwidXBkYXRlIjoxODAwMDAwMDAwMDAwfX0=",
          "dependencies": [
            "module.hashistack_cluster.azurerm_resource_group.hashistack",
            "module.hashistack_cluster.random_pet.server"
          ]
        },
        {
          "index_key": 2,
          "schema_version": 0,
          "attributes": {
            "allocation_method": "Static",
            "domain_name_label": null,
            "fqdn": null,
            "id": "/subscriptions/9f9b362c-0ced-42f9-8327-987494fd7c26/resourceGroups/lvstack-in-elephant/providers/Microsoft.Network/publicIPAddresses/server-3-ip",
            "idle_timeout_in_minutes": 4,
            "ip_address": "52.170.214.195",
            "ip_version": "IPv4",
            "location": "eastus",
            "name": "server-3-ip",
            "public_ip_prefix_id": null,
            "resource_group_name": "lvstack-in-elephant",
            "reverse_fqdn": null,
            "sku": "Basic",
            "tags": {},
            "timeouts": null,
            "zones": []
          },
          "private": "eyJlMmJmYjczMC1lY2FhLTExZTYtOGY4OC0zNDM2M2JjN2M0YzAiOnsiY3JlYXRlIjoxODAwMDAwMDAwMDAwLCJkZWxldGUiOjE4MDAwMDAwMDAwMDAsInJlYWQiOjMwMDAwMDAwMDAwMCwidXBkYXRlIjoxODAwMDAwMDAwMDAwfX0=",
          "dependencies": [
            "module.hashistack_cluster.azurerm_resource_group.hashistack",
            "module.hashistack_cluster.random_pet.server"
          ]
        }
      ]
    },
    {
      "module": "module.hashistack_cluster",
      "mode": "managed",
      "type": "azurerm_resource_group",
      "name": "hashistack",
      "provider": "provider[\"registry.terraform.io/hashicorp/azurerm\"]",
      "instances": [
        {
          "schema_version": 0,
          "attributes": {
            "id": "/subscriptions/9f9b362c-0ced-42f9-8327-987494fd7c26/resourceGroups/lvstack-in-elephant",
            "location": "eastus",
            "name": "lvstack-in-elephant",
            "tags": {},
            "timeouts": null
          },
          "private": "eyJlMmJmYjczMC1lY2FhLTExZTYtOGY4OC0zNDM2M2JjN2M0YzAiOnsiY3JlYXRlIjo1NDAwMDAwMDAwMDAwLCJkZWxldGUiOjU0MDAwMDAwMDAwMDAsInJlYWQiOjMwMDAwMDAwMDAwMCwidXBkYXRlIjo1NDAwMDAwMDAwMDAwfX0=",
          "dependencies": [
            "module.hashistack_cluster.random_pet.server"
          ]
        }
      ]
    },
    {
      "module": "module.hashistack_cluster",
      "mode": "managed",
      "type": "azurerm_subnet",
      "name": "primary",
      "provider": "provider[\"registry.terraform.io/hashicorp/azurerm\"]",
      "instances": [
        {
          "schema_version": 0,
          "attributes": {
            "address_prefix": "10.0.2.0/24",
            "address_prefixes": [
              "10.0.2.0/24"
            ],
            "delegation": [],
            "enforce_private_link_endpoint_network_policies": false,
            "enforce_private_link_service_network_policies": false,
            "id": "/subscriptions/9f9b362c-0ced-42f9-8327-987494fd7c26/resourceGroups/lvstack-in-elephant/providers/Microsoft.Network/virtualNetworks/virtual-network/subnets/subnet",
            "name": "subnet",
            "resource_group_name": "lvstack-in-elephant",
            "service_endpoints": [],
            "timeouts": null,
            "virtual_network_name": "virtual-network"
          },
          "private": "eyJlMmJmYjczMC1lY2FhLTExZTYtOGY4OC0zNDM2M2JjN2M0YzAiOnsiY3JlYXRlIjoxODAwMDAwMDAwMDAwLCJkZWxldGUiOjE4MDAwMDAwMDAwMDAsInJlYWQiOjMwMDAwMDAwMDAwMCwidXBkYXRlIjoxODAwMDAwMDAwMDAwfX0=",
          "dependencies": [
            "module.hashistack_cluster.azurerm_resource_group.hashistack",
            "module.hashistack_cluster.azurerm_virtual_network.primary",
            "module.hashistack_cluster.random_pet.server"
          ]
        }
      ]
    },
    {
      "module": "module.hashistack_cluster",
      "mode": "managed",
      "type": "azurerm_virtual_network",
      "name": "primary",
      "provider": "provider[\"registry.terraform.io/hashicorp/azurerm\"]",
      "instances": [
        {
          "schema_version": 0,
          "attributes": {
            "address_space": [
              "10.0.0.0/16"
            ],
            "ddos_protection_plan": [],
            "dns_servers": [],
            "guid": "2d2569fc-d974-4c39-a138-537cf49842c1",
            "id": "/subscriptions/9f9b362c-0ced-42f9-8327-987494fd7c26/resourceGroups/lvstack-in-elephant/providers/Microsoft.Network/virtualNetworks/virtual-network",
            "location": "eastus",
            "name": "virtual-network",
            "resource_group_name": "lvstack-in-elephant",
            "subnet": [
              {
                "address_prefix": "10.0.2.0/24",
                "id": "/subscriptions/9f9b362c-0ced-42f9-8327-987494fd7c26/resourceGroups/lvstack-in-elephant/providers/Microsoft.Network/virtualNetworks/virtual-network/subnets/subnet",
                "name": "subnet",
                "security_group": ""
              }
            ],
            "tags": {},
            "timeouts": null
          },
          "private": "eyJlMmJmYjczMC1lY2FhLTExZTYtOGY4OC0zNDM2M2JjN2M0YzAiOnsiY3JlYXRlIjoxODAwMDAwMDAwMDAwLCJkZWxldGUiOjE4MDAwMDAwMDAwMDAsInJlYWQiOjMwMDAwMDAwMDAwMCwidXBkYXRlIjoxODAwMDAwMDAwMDAwfX0=",
          "dependencies": [
            "module.hashistack_cluster.azurerm_resource_group.hashistack",
            "module.hashistack_cluster.random_pet.server"
          ]
        }
      ]
    },
    {
      "module": "module.hashistack_cluster",
      "mode": "managed",
      "type": "random_pet",
      "name": "server",
      "provider": "provider[\"registry.terraform.io/hashicorp/random\"]",
      "instances": [
        {
          "schema_version": 0,
          "attributes": {
            "id": "in-elephant",
            "keepers": null,
            "length": 2,
            "prefix": null,
            "separator": "-"
          },
          "private": "bnVsbA=="
        }
      ]
    },
    {
      "module": "module.my_ip_address",
      "mode": "managed",
      "type": "null_resource",
      "name": "contents",
      "provider": "provider[\"registry.terraform.io/hashicorp/null\"]",
      "instances": [
        {
          "schema_version": 0,
          "attributes": {
            "id": "485288778868197338",
            "triggers": {
              "exitstatus": "0",
              "id": "8180786691946621222",
              "stderr": "  % Total    % Received % Xferd  Average Speed   Time    Time     Time  Current\n                                 Dload  Upload   Total   Spent    Left  Speed\n\r  0     0    0     0    0     0      0      0 --:--:-- --:--:-- --:--:--     0\r100    13  100    13    0     0     48      0 --:--:-- --:--:-- --:--:--    48",
              "stdout": "72.197.144.63"
            }
          },
          "private": "bnVsbA==",
          "dependencies": [
            "module.my_ip_address.null_resource.contents_if_missing",
            "module.my_ip_address.null_resource.shell",
            "module.my_ip_address.random_uuid.uuid"
          ]
        }
      ]
    },
    {
      "module": "module.my_ip_address",
      "mode": "managed",
      "type": "null_resource",
      "name": "contents_if_missing",
      "provider": "provider[\"registry.terraform.io/hashicorp/null\"]",
      "instances": [
        {
          "schema_version": 0,
          "attributes": {
            "id": "8168518810886214991",
            "triggers": {
              "exitstatus": "0",
              "stderr": "  % Total    % Received % Xferd  Average Speed   Time    Time     Time  Current\n                                 Dload  Upload   Total   Spent    Left  Speed\n\r  0     0    0     0    0     0      0      0 --:--:-- --:--:-- --:--:--     0\r100    13  100    13    0     0     48      0 --:--:-- --:--:-- --:--:--    48",
              "stdout": "72.197.144.63"
            }
          },
          "private": "bnVsbA==",
          "dependencies": [
            "module.my_ip_address.null_resource.shell",
            "module.my_ip_address.random_uuid.uuid"
          ]
        }
      ]
    },
    {
      "module": "module.my_ip_address",
      "mode": "managed",
      "type": "null_resource",
      "name": "shell",
      "provider": "provider[\"registry.terraform.io/hashicorp/null\"]",
      "instances": [
        {
          "schema_version": 0,
          "attributes": {
            "id": "8180786691946621222",
            "triggers": {
              "command_chomped": "curl https://ipinfo.io/ip",
              "command_when_destroy_chomped": ":",
              "environment_keys": "",
              "environment_values": "",
              "random_uuid": "8d3ad45f-453b-3b53-f097-73d003f471e6",
              "sensitive_environment_keys": "",
              "sensitive_environment_values": "e3b0c44298fc1c149afbf4c8996fb92427ae41e4649b934ca495991b7852b855",
              "trigger": "",
              "working_dir": ""
            }
          },
          "private": "bnVsbA==",
          "dependencies": [
            "module.my_ip_address.random_uuid.uuid"
          ]
        }
      ]
    },
    {
      "module": "module.my_ip_address",
      "mode": "managed",
      "type": "random_uuid",
      "name": "uuid",
      "provider": "provider[\"registry.terraform.io/hashicorp/random\"]",
      "instances": [
        {
          "schema_version": 0,
          "attributes": {
            "id": "8d3ad45f-453b-3b53-f097-73d003f471e6",
            "keepers": null,
            "result": "8d3ad45f-453b-3b53-f097-73d003f471e6"
          },
          "private": "bnVsbA=="
        }
      ]
    }
  ]
}
