{
  "version": 4,
  "terraform_version": "0.13.4",
  "serial": 2,
  "lineage": "1d38f0ce-333c-67fd-471e-735bb0395654",
  "outputs": {},
  "resources": [
    {
      "mode": "data",
      "type": "http",
      "name": "my_ip",
      "provider": "provider[\"registry.terraform.io/hashicorp/http\"]",
      "instances": [
        {
          "schema_version": 0,
          "attributes": {
            "body": "72.197.144.63\n",
            "id": "https://icanhazip.com/",
            "request_headers": null,
            "response_headers": {
              "Access-Control-Allow-Methods": "GET",
              "Access-Control-Allow-Origin": "*",
              "Alt-Svc": "h3-27=\":443\"; ma=86400, h3-28=\":443\"; ma=86400, h3-29=\":443\"; ma=86400, h3=\":443\"; ma=86400",
              "Cf-Ray": "6685c879bb9c0ce7-LAX",
              "Content-Length": "14",
              "Content-Type": "text/plain",
              "Date": "Fri, 02 Jul 2021 06:23:02 GMT",
              "Expect-Ct": "max-age=604800, report-uri=\"https://report-uri.cloudflare.com/cdn-cgi/beacon/expect-ct\"",
              "Server": "cloudflare",
              "Set-Cookie": "__cf_bm=c12128fa7c36bcf7fe4ac36e7622867d4a6979cd-1625206982-1800-Aau548ECIx6EryVDIZ3JP9lve1raD8ddJ931T4pOJjc3sOIg7uTBTETmRFRNxLXXa3iLWuBIZSyGJFJkKM9SSsk=; path=/; expires=Fri, 02-Jul-21 06:53:02 GMT; domain=.icanhazip.com; HttpOnly; Secure; SameSite=None",
              "Vary": "Accept-Encoding"
            },
            "url": "https://icanhazip.com/"
          }
        }
      ]
    },
    {
      "mode": "managed",
      "type": "null_resource",
      "name": "preflight_check",
      "provider": "provider[\"registry.terraform.io/hashicorp/null\"]",
      "instances": [
        {
          "status": "tainted",
          "schema_version": 0,
          "attributes": {
            "id": "3168311406063890351",
            "triggers": null
          },
          "private": "bnVsbA=="
        }
      ]
    },
    {
      "mode": "managed",
      "type": "random_pet",
      "name": "stack_name",
      "provider": "provider[\"registry.terraform.io/hashicorp/random\"]",
      "instances": [
        {
          "schema_version": 0,
          "attributes": {
            "id": "set-squirrel",
            "keepers": null,
            "length": 2,
            "prefix": null,
            "separator": "-"
          },
          "private": "bnVsbA=="
        }
      ]
    }
  ]
}
